
Microsoft Visual Studio Solution File, Format Version 15.00
# Visual Studio 2017
Project("{FAE04EC0-301F-11D3-BF4B-00C04F79EFBC}") = "FoodFinder.Web", "FoodFinder.Web.csproj", "{ACD39503-9A75-4FA8-A709-3C00D5219E1A}"
EndProject
Global
	GlobalSection(SolutionConfigurationPlatforms) = preSolution
		Debug|Any CPU = Debug|Any CPU
		Release|Any CPU = Release|Any CPU
	EndGlobalSection
	GlobalSection(ProjectConfigurationPlatforms) = postSolution
		{ACD39503-9A75-4FA8-A709-3C00D5219E1A}.Debug|Any CPU.ActiveCfg = Debug|Any CPU
		{ACD39503-9A75-4FA8-A709-3C00D5219E1A}.Debug|Any CPU.Build.0 = Debug|Any CPU
		{ACD39503-9A75-4FA8-A709-3C00D5219E1A}.Release|Any CPU.ActiveCfg = Release|Any CPU
		{ACD39503-9A75-4FA8-A709-3C00D5219E1A}.Release|Any CPU.Build.0 = Release|Any CPU
	EndGlobalSection
EndGlobal
